# This file was autogenerated by Stack.
# You should not edit this file by hand.
# For more information, please see the documentation at:
#   https://docs.haskellstack.org/en/stable/lock_files

packages:
- completed:
    hackage: lens-4.19.2@sha256:3ed9c993cdd6b397f9f56cef5f71cc51003e15eeafe76948dabf36ee22d0e6ae,16053
    pantry-tree:
      size: 8330
      sha256: 127feaac3b08b04420d8cfef0ac53a183538f4284914099e8236feb03773707d
  original:
    hackage: lens-4.19.2
- completed:
    hackage: fused-effects-1.1.0.0@sha256:29d03c73b585920c0999a18b73c9a0bf9e61e1fa58c5c2bed3f89423c8078f4a,5139
    pantry-tree:
      size: 6288
      sha256: e427a329bd733f5096e37bfcf5a211bb2e8555b88b7e87ac43607d2f455e3f66
  original:
    hackage: fused-effects-1.1.0.0
- completed:
    hackage: fused-effects-th-0.1.0.2@sha256:6f3dc80ca0455f764caad1b01713f33ae957196166a48a84882b993e48ac61f5,2274
    pantry-tree:
      size: 333
      sha256: 969b02c7286b7c8d208e819293d0e312bf3d69b2dbafed0b76fceffed9bc7058
  original:
    hackage: fused-effects-th-0.1.0.2
- completed:
    hackage: fused-effects-lens-1.2.0.1@sha256:675fddf183215b6f3c1f2a0823359a648756435fd1966284e61830ec28ad61fa,1466
    pantry-tree:
      size: 381
      sha256: 968920fc85c0a29dca093b5a6d74f1a26dc2f3dcfe95914de2452d688eb6c152
  original:
    hackage: fused-effects-lens-1.2.0.1
- completed:
    hackage: readline-1.0.3.0@sha256:db011062b90fbfbbc8b02666d835742c1d4de1f990a89fc056ef8082f3e3cba0,912
    pantry-tree:
      size: 818
      sha256: 661af71986cae04cb7dbffc3b0557ca94cf9e87ba163c70e91c59f4c5eaf5e64
  original:
    hackage: readline-1.0.3.0
- completed:
    hackage: extra-1.7.9@sha256:f1dec740f0f2025790c540732bfd52c556ec55bde4f5dfd7cf18e22bd44ff3d0,2683
    pantry-tree:
      size: 1896
      sha256: b55085710e438d198b3552b9eeba2199cd986e326c755a7449f7d171bcb7effc
  original:
    hackage: extra-1.7.9
- completed:
    hackage: multi-containers-0.1.1@sha256:182ef47ac0a93a906e819fb395a17e1cc56f48902cae169dd8f50da9b7ab30dd,1651
    pantry-tree:
      size: 695
      sha256: 408c0dee9e404130a7ef074a567205eae61a402e2c7cc25ee565951749b1b452
  original:
    hackage: multi-containers-0.1.1
snapshots:
- completed:
    size: 524996
    url: https://raw.githubusercontent.com/commercialhaskell/stackage-snapshots/master/lts/14/27.yaml
    sha256: 7ea31a280c56bf36ff591a7397cc384d0dff622e7f9e4225b47d8980f019a0f0
  original: lts-14.27
